// !$*UTF8*$!
{
	archiveVersion = 1;
	classes = {
	};
	objectVersion = 48;
	objects = {

/* Begin PBXBuildFile section */
		160499EA203EA994008B31C1 /* pokemon.ttf in Resources */ = {isa = PBXBuildFile; fileRef = 160499E9203EA994008B31C1 /* pokemon.ttf */; };
		160A5D07203C23AC003EE402 /* AppDelegate.swift in Sources */ = {isa = PBXBuildFile; fileRef = 160A5D06203C23AC003EE402 /* AppDelegate.swift */; };
		160A5D09203C23AC003EE402 /* ViewController.swift in Sources */ = {isa = PBXBuildFile; fileRef = 160A5D08203C23AC003EE402 /* ViewController.swift */; };
		160A5D0C203C23AC003EE402 /* Main.storyboard in Resources */ = {isa = PBXBuildFile; fileRef = 160A5D0A203C23AC003EE402 /* Main.storyboard */; };
		160A5D0F203C23AC003EE402 /* X_And_O.xcdatamodeld in Sources */ = {isa = PBXBuildFile; fileRef = 160A5D0D203C23AC003EE402 /* X_And_O.xcdatamodeld */; };
		160A5D11203C23AC003EE402 /* Assets.xcassets in Resources */ = {isa = PBXBuildFile; fileRef = 160A5D10203C23AC003EE402 /* Assets.xcassets */; };
		160A5D14203C23AC003EE402 /* LaunchScreen.storyboard in Resources */ = {isa = PBXBuildFile; fileRef = 160A5D12203C23AC003EE402 /* LaunchScreen.storyboard */; };
		160A5D1F203C23AC003EE402 /* X_And_OTests.swift in Sources */ = {isa = PBXBuildFile; fileRef = 160A5D1E203C23AC003EE402 /* X_And_OTests.swift */; };
		160A5D2A203C23AC003EE402 /* X_And_OUITests.swift in Sources */ = {isa = PBXBuildFile; fileRef = 160A5D29203C23AC003EE402 /* X_And_OUITests.swift */; };
		16281544204389AA000C89A6 /* music.mp3 in Resources */ = {isa = PBXBuildFile; fileRef = 16281543204389AA000C89A6 /* music.mp3 */; };
		16281545204389AA000C89A6 /* music.mp3 in Resources */ = {isa = PBXBuildFile; fileRef = 16281543204389AA000C89A6 /* music.mp3 */; };
		16281546204389AA000C89A6 /* music.mp3 in Resources */ = {isa = PBXBuildFile; fileRef = 16281543204389AA000C89A6 /* music.mp3 */; };
/* End PBXBuildFile section */

/* Begin PBXContainerItemProxy section */
		160A5D1B203C23AC003EE402 /* PBXContainerItemProxy */ = {
			isa = PBXContainerItemProxy;
			containerPortal = 160A5CFB203C23AB003EE402 /* Project object */;
			proxyType = 1;
			remoteGlobalIDString = 160A5D02203C23AB003EE402;
			remoteInfo = "X And O";
		};
		160A5D26203C23AC003EE402 /* PBXContainerItemProxy */ = {
			isa = PBXContainerItemProxy;
			containerPortal = 160A5CFB203C23AB003EE402 /* Project object */;
			proxyType = 1;
			remoteGlobalIDString = 160A5D02203C23AB003EE402;
			remoteInfo = "X And O";
		};
/* End PBXContainerItemProxy section */

/* Begin PBXFileReference section */
		160499E9203EA994008B31C1 /* pokemon.ttf */ = {isa = PBXFileReference; lastKnownFileType = file; path = pokemon.ttf; sourceTree = "<group>"; };
		160A5D03203C23AB003EE402 /* X And O.app */ = {isa = PBXFileReference; explicitFileType = wrapper.application; includeInIndex = 0; path = "X And O.app"; sourceTree = BUILT_PRODUCTS_DIR; };
		160A5D06203C23AC003EE402 /* AppDelegate.swift */ = {isa = PBXFileReference; lastKnownFileType = sourcecode.swift; path = AppDelegate.swift; sourceTree = "<group>"; };
		160A5D08203C23AC003EE402 /* ViewController.swift */ = {isa = PBXFileReference; lastKnownFileType = sourcecode.swift; path = ViewController.swift; sourceTree = "<group>"; };
		160A5D0B203C23AC003EE402 /* Base */ = {isa = PBXFileReference; lastKnownFileType = file.storyboard; name = Base; path = Base.lproj/Main.storyboard; sourceTree = "<group>"; };
		160A5D0E203C23AC003EE402 /* X_And_O.xcdatamodel */ = {isa = PBXFileReference; lastKnownFileType = wrapper.xcdatamodel; path = X_And_O.xcdatamodel; sourceTree = "<group>"; };
		160A5D10203C23AC003EE402 /* Assets.xcassets */ = {isa = PBXFileReference; lastKnownFileType = folder.assetcatalog; path = Assets.xcassets; sourceTree = "<group>"; };
		160A5D13203C23AC003EE402 /* Base */ = {isa = PBXFileReference; lastKnownFileType = file.storyboard; name = Base; path = Base.lproj/LaunchScreen.storyboard; sourceTree = "<group>"; };
		160A5D15203C23AC003EE402 /* Info.plist */ = {isa = PBXFileReference; lastKnownFileType = text.plist.xml; path = Info.plist; sourceTree = "<group>"; };
		160A5D1A203C23AC003EE402 /* X And OTests.xctest */ = {isa = PBXFileReference; explicitFileType = wrapper.cfbundle; includeInIndex = 0; path = "X And OTests.xctest"; sourceTree = BUILT_PRODUCTS_DIR; };
		160A5D1E203C23AC003EE402 /* X_And_OTests.swift */ = {isa = PBXFileReference; lastKnownFileType = sourcecode.swift; path = X_And_OTests.swift; sourceTree = "<group>"; };
		160A5D20203C23AC003EE402 /* Info.plist */ = {isa = PBXFileReference; lastKnownFileType = text.plist.xml; path = Info.plist; sourceTree = "<group>"; };
		160A5D25203C23AC003EE402 /* X And OUITests.xctest */ = {isa = PBXFileReference; explicitFileType = wrapper.cfbundle; includeInIndex = 0; path = "X And OUITests.xctest"; sourceTree = BUILT_PRODUCTS_DIR; };
		160A5D29203C23AC003EE402 /* X_And_OUITests.swift */ = {isa = PBXFileReference; lastKnownFileType = sourcecode.swift; path = X_And_OUITests.swift; sourceTree = "<group>"; };
		160A5D2B203C23AC003EE402 /* Info.plist */ = {isa = PBXFileReference; lastKnownFileType = text.plist.xml; path = Info.plist; sourceTree = "<group>"; };
		16281543204389AA000C89A6 /* music.mp3 */ = {isa = PBXFileReference; lastKnownFileType = audio.mp3; name = music.mp3; path = ../../../music.mp3; sourceTree = "<group>"; };
/* End PBXFileReference section */

/* Begin PBXFrameworksBuildPhase section */
		160A5D00203C23AB003EE402 /* Frameworks */ = {
			isa = PBXFrameworksBuildPhase;
			buildActionMask = 2147483647;
			files = (
			);
			runOnlyForDeploymentPostprocessing = 0;
		};
		160A5D17203C23AC003EE402 /* Frameworks */ = {
			isa = PBXFrameworksBuildPhase;
			buildActionMask = 2147483647;
			files = (
			);
			runOnlyForDeploymentPostprocessing = 0;
		};
		160A5D22203C23AC003EE402 /* Frameworks */ = {
			isa = PBXFrameworksBuildPhase;
			buildActionMask = 2147483647;
			files = (
			);
			runOnlyForDeploymentPostprocessing = 0;
		};
/* End PBXFrameworksBuildPhase section */

/* Begin PBXGroup section */
		160A5CFA203C23AB003EE402 = {
			isa = PBXGroup;
			children = (
				160A5D05203C23AB003EE402 /* X And O */,
				160A5D1D203C23AC003EE402 /* X And OTests */,
				160A5D28203C23AC003EE402 /* X And OUITests */,
				160A5D04203C23AB003EE402 /* Products */,
			);
			sourceTree = "<group>";
		};
		160A5D04203C23AB003EE402 /* Products */ = {
			isa = PBXGroup;
			children = (
				160A5D03203C23AB003EE402 /* X And O.app */,
				160A5D1A203C23AC003EE402 /* X And OTests.xctest */,
				160A5D25203C23AC003EE402 /* X And OUITests.xctest */,
			);
			name = Products;
			sourceTree = "<group>";
		};
		160A5D05203C23AB003EE402 /* X And O */ = {
			isa = PBXGroup;
			children = (
				160A5D06203C23AC003EE402 /* AppDelegate.swift */,
				160A5D08203C23AC003EE402 /* ViewController.swift */,
				160A5D0A203C23AC003EE402 /* Main.storyboard */,
				160A5D10203C23AC003EE402 /* Assets.xcassets */,
				16281543204389AA000C89A6 /* music.mp3 */,
				160A5D12203C23AC003EE402 /* LaunchScreen.storyboard */,
				160A5D15203C23AC003EE402 /* Info.plist */,
				160A5D0D203C23AC003EE402 /* X_And_O.xcdatamodeld */,
				160499E9203EA994008B31C1 /* pokemon.ttf */,
			);
			path = "X And O";
			sourceTree = "<group>";
		};
		160A5D1D203C23AC003EE402 /* X And OTests */ = {
			isa = PBXGroup;
			children = (
				160A5D1E203C23AC003EE402 /* X_And_OTests.swift */,
				160A5D20203C23AC003EE402 /* Info.plist */,
			);
			path = "X And OTests";
			sourceTree = "<group>";
		};
		160A5D28203C23AC003EE402 /* X And OUITests */ = {
			isa = PBXGroup;
			children = (
				160A5D29203C23AC003EE402 /* X_And_OUITests.swift */,
				160A5D2B203C23AC003EE402 /* Info.plist */,
			);
			path = "X And OUITests";
			sourceTree = "<group>";
		};
/* End PBXGroup section */

/* Begin PBXNativeTarget section */
		160A5D02203C23AB003EE402 /* X And O */ = {
			isa = PBXNativeTarget;
			buildConfigurationList = 160A5D2E203C23AC003EE402 /* Build configuration list for PBXNativeTarget "X And O" */;
			buildPhases = (
				160A5CFF203C23AB003EE402 /* Sources */,
				160A5D00203C23AB003EE402 /* Frameworks */,
				160A5D01203C23AB003EE402 /* Resources */,
			);
			buildRules = (
			);
			dependencies = (
			);
			name = "X And O";
			productName = "X And O";
			productReference = 160A5D03203C23AB003EE402 /* X And O.app */;
			productType = "com.apple.product-type.application";
		};
		160A5D19203C23AC003EE402 /* X And OTests */ = {
			isa = PBXNativeTarget;
			buildConfigurationList = 160A5D31203C23AC003EE402 /* Build configuration list for PBXNativeTarget "X And OTests" */;
			buildPhases = (
				160A5D16203C23AC003EE402 /* Sources */,
				160A5D17203C23AC003EE402 /* Frameworks */,
				160A5D18203C23AC003EE402 /* Resources */,
			);
			buildRules = (
			);
			dependencies = (
				160A5D1C203C23AC003EE402 /* PBXTargetDependency */,
			);
			name = "X And OTests";
			productName = "X And OTests";
			productReference = 160A5D1A203C23AC003EE402 /* X And OTests.xctest */;
			productType = "com.apple.product-type.bundle.unit-test";
		};
		160A5D24203C23AC003EE402 /* X And OUITests */ = {
			isa = PBXNativeTarget;
			buildConfigurationList = 160A5D34203C23AC003EE402 /* Build configuration list for PBXNativeTarget "X And OUITests" */;
			buildPhases = (
				160A5D21203C23AC003EE402 /* Sources */,
				160A5D22203C23AC003EE402 /* Frameworks */,
				160A5D23203C23AC003EE402 /* Resources */,
			);
			buildRules = (
			);
			dependencies = (
				160A5D27203C23AC003EE402 /* PBXTargetDependency */,
			);
			name = "X And OUITests";
			productName = "X And OUITests";
			productReference = 160A5D25203C23AC003EE402 /* X And OUITests.xctest */;
			productType = "com.apple.product-type.bundle.ui-testing";
		};
/* End PBXNativeTarget section */

/* Begin PBXProject section */
		160A5CFB203C23AB003EE402 /* Project object */ = {
			isa = PBXProject;
			attributes = {
				LastSwiftUpdateCheck = 0910;
				LastUpgradeCheck = 0910;
				ORGANIZATIONNAME = sayedAbdo;
				TargetAttributes = {
					160A5D02203C23AB003EE402 = {
						CreatedOnToolsVersion = 9.1;
						ProvisioningStyle = Automatic;
					};
					160A5D19203C23AC003EE402 = {
						CreatedOnToolsVersion = 9.1;
						ProvisioningStyle = Automatic;
						TestTargetID = 160A5D02203C23AB003EE402;
					};
					160A5D24203C23AC003EE402 = {
						CreatedOnToolsVersion = 9.1;
						ProvisioningStyle = Automatic;
						TestTargetID = 160A5D02203C23AB003EE402;
					};
				};
			};
			buildConfigurationList = 160A5CFE203C23AB003EE402 /* Build configuration list for PBXProject "X And O" */;
			compatibilityVersion = "Xcode 8.0";
			developmentRegion = en;
			hasScannedForEncodings = 0;
			knownRegions = (
				en,
				Base,
			);
			mainGroup = 160A5CFA203C23AB003EE402;
			productRefGroup = 160A5D04203C23AB003EE402 /* Products */;
			projectDirPath = "";
			projectRoot = "";
			targets = (
				160A5D02203C23AB003EE402 /* X And O */,
				160A5D19203C23AC003EE402 /* X And OTests */,
				160A5D24203C23AC003EE402 /* X And OUITests */,
			);
		};
/* End PBXProject section */

/* Begin PBXResourcesBuildPhase section */
		160A5D01203C23AB003EE402 /* Resources */ = {
			isa = PBXResourcesBuildPhase;
			buildActionMask = 2147483647;
			files = (
				16281544204389AA000C89A6 /* music.mp3 in Resources */,
				160499EA203EA994008B31C1 /* pokemon.ttf in Resources */,
				160A5D14203C23AC003EE402 /* LaunchScreen.storyboard in Resources */,
				160A5D11203C23AC003EE402 /* Assets.xcassets in Resources */,
				160A5D0C203C23AC003EE402 /* Main.storyboard in Resources */,
			);
			runOnlyForDeploymentPostprocessing = 0;
		};
		160A5D18203C23AC003EE402 /* Resources */ = {
			isa = PBXResourcesBuildPhase;
			buildActionMask = 2147483647;
			files = (
				16281545204389AA000C89A6 /* music.mp3 in Resources */,
			);
			runOnlyForDeploymentPostprocessing = 0;
		};
		160A5D23203C23AC003EE402 /* Resources */ = {
			isa = PBXResourcesBuildPhase;
			buildActionMask = 2147483647;
			files = (
				16281546204389AA000C89A6 /* music.mp3 in Resources */,
			);
			runOnlyForDeploymentPostprocessing = 0;
		};
/* End PBXResourcesBuildPhase section */

/* Begin PBXSourcesBuildPhase section */
		160A5CFF203C23AB003EE402 /* Sources */ = {
			isa = PBXSourcesBuildPhase;
			buildActionMask = 2147483647;
			files = (
				160A5D09203C23AC003EE402 /* ViewController.swift in Sources */,
				160A5D0F203C23AC003EE402 /* X_And_O.xcdatamodeld in Sources */,
				160A5D07203C23AC003EE402 /* AppDelegate.swift in Sources */,
			);
			runOnlyForDeploymentPostprocessing = 0;
		};
		160A5D16203C23AC003EE402 /* Sources */ = {
			isa = PBXSourcesBuildPhase;
			buildActionMask = 2147483647;
			files = (
				160A5D1F203C23AC003EE402 /* X_And_OTests.swift in Sources */,
			);
			runOnlyForDeploymentPostprocessing = 0;
		};
		160A5D21203C23AC003EE402 /* Sources */ = {
			isa = PBXSourcesBuildPhase;
			buildActionMask = 2147483647;
			files = (
				160A5D2A203C23AC003EE402 /* X_And_OUITests.swift in Sources */,
			);
			runOnlyForDeploymentPostprocessing = 0;
		};
/* End PBXSourcesBuildPhase section */

/* Begin PBXTargetDependency section */
		160A5D1C203C23AC003EE402 /* PBXTargetDependency */ = {
			isa = PBXTargetDependency;
			target = 160A5D02203C23AB003EE402 /* X And O */;
			targetProxy = 160A5D1B203C23AC003EE402 /* PBXContainerItemProxy */;
		};
		160A5D27203C23AC003EE402 /* PBXTargetDependency */ = {
			isa = PBXTargetDependency;
			target = 160A5D02203C23AB003EE402 /* X And O */;
			targetProxy = 160A5D26203C23AC003EE402 /* PBXContainerItemProxy */;
		};
/* End PBXTargetDependency section */

/* Begin PBXVariantGroup section */
		160A5D0A203C23AC003EE402 /* Main.storyboard */ = {
			isa = PBXVariantGroup;
			children = (
				160A5D0B203C23AC003EE402 /* Base */,
			);
			name = Main.storyboard;
			sourceTree = "<group>";
		};
		160A5D12203C23AC003EE402 /* LaunchScreen.storyboard */ = {
			isa = PBXVariantGroup;
			children = (
				160A5D13203C23AC003EE402 /* Base */,
			);
			name = LaunchScreen.storyboard;
			sourceTree = "<group>";
		};
/* End PBXVariantGroup section */

/* Begin XCBuildConfiguration section */
		160A5D2C203C23AC003EE402 /* Debug */ = {
			isa = XCBuildConfiguration;
			buildSettings = {
				ALWAYS_SEARCH_USER_PATHS = NO;
				CLANG_ANALYZER_NONNULL = YES;
				CLANG_ANALYZER_NUMBER_OBJECT_CONVERSION = YES_AGGRESSIVE;
				CLANG_CXX_LANGUAGE_STANDARD = "gnu++14";
				CLANG_CXX_LIBRARY = "libc++";
				CLANG_ENABLE_MODULES = YES;
				CLANG_ENABLE_OBJC_ARC = YES;
				CLANG_WARN_BLOCK_CAPTURE_AUTORELEASING = YES;
				CLANG_WARN_BOOL_CONVERSION = YES;
				CLANG_WARN_COMMA = YES;
				CLANG_WARN_CONSTANT_CONVERSION = YES;
				CLANG_WARN_DIRECT_OBJC_ISA_USAGE = YES_ERROR;
				CLANG_WARN_DOCUMENTATION_COMMENTS = YES;
				CLANG_WARN_EMPTY_BODY = YES;
				CLANG_WARN_ENUM_CONVERSION = YES;
				CLANG_WARN_INFINITE_RECURSION = YES;
				CLANG_WARN_INT_CONVERSION = YES;
				CLANG_WARN_NON_LITERAL_NULL_CONVERSION = YES;
				CLANG_WARN_OBJC_LITERAL_CONVERSION = YES;
				CLANG_WARN_OBJC_ROOT_CLASS = YES_ERROR;
				CLANG_WARN_RANGE_LOOP_ANALYSIS = YES;
				CLANG_WARN_STRICT_PROTOTYPES = YES;
				CLANG_WARN_SUSPICIOUS_MOVE = YES;
				CLANG_WARN_UNGUARDED_AVAILABILITY = YES_AGGRESSIVE;
				CLANG_WARN_UNREACHABLE_CODE = YES;
				CLANG_WARN__DUPLICATE_METHOD_MATCH = YES;
				CODE_SIGN_IDENTITY = "iPhone Developer";
				COPY_PHASE_STRIP = NO;
				DEBUG_INFORMATION_FORMAT = dwarf;
				ENABLE_STRICT_OBJC_MSGSEND = YES;
				ENABLE_TESTABILITY = YES;
				GCC_C_LANGUAGE_STANDARD = gnu11;
				GCC_DYNAMIC_NO_PIC = NO;
				GCC_NO_COMMON_BLOCKS = YES;
				GCC_OPTIMIZATION_LEVEL = 0;
				GCC_PREPROCESSOR_DEFINITIONS = (
					"DEBUG=1",
					"$(inherited)",
				);
				GCC_WARN_64_TO_32_BIT_CONVERSION = YES;
				GCC_WARN_ABOUT_RETURN_TYPE = YES_ERROR;
				GCC_WARN_UNDECLARED_SELECTOR = YES;
				GCC_WARN_UNINITIALIZED_AUTOS = YES_AGGRESSIVE;
				GCC_WARN_UNUSED_FUNCTION = YES;
				GCC_WARN_UNUSED_VARIABLE = YES;
				IPHONEOS_DEPLOYMENT_TARGET = 11.1;
				MTL_ENABLE_DEBUG_INFO = YES;
				ONLY_ACTIVE_ARCH = YES;
				SDKROOT = iphoneos;
				SWIFT_ACTIVE_COMPILATION_CONDITIONS = DEBUG;
				SWIFT_OPTIMIZATION_LEVEL = "-Onone";
			};
			name = Debug;
		};
		160A5D2D203C23AC003EE402 /* Release */ = {
			isa = XCBuildConfiguration;
			buildSettings = {
				ALWAYS_SEARCH_USER_PATHS = NO;
				CLANG_ANALYZER_NONNULL = YES;
				CLANG_ANALYZER_NUMBER_OBJECT_CONVERSION = YES_AGGRESSIVE;
				CLANG_CXX_LANGUAGE_STANDARD = "gnu++14";
				CLANG_CXX_LIBRARY = "libc++";
				CLANG_ENABLE_MODULES = YES;
				CLANG_ENABLE_OBJC_ARC = YES;
				CLANG_WARN_BLOCK_CAPTURE_AUTORELEASING = YES;
				CLANG_WARN_BOOL_CONVERSION = YES;
				CLANG_WARN_COMMA = YES;
				CLANG_WARN_CONSTANT_CONVERSION = YES;
				CLANG_WARN_DIRECT_OBJC_ISA_USAGE = YES_ERROR;
				CLANG_WARN_DOCUMENTATION_COMMENTS = YES;
				CLANG_WARN_EMPTY_BODY = YES;
				CLANG_WARN_ENUM_CONVERSION = YES;
				CLANG_WARN_INFINITE_RECURSION = YES;
				CLANG_WARN_INT_CONVERSION = YES;
				CLANG_WARN_NON_LITERAL_NULL_CONVERSION = YES;
				CLANG_WARN_OBJC_LITERAL_CONVERSION = YES;
				CLANG_WARN_OBJC_ROOT_CLASS = YES_ERROR;
				CLANG_WARN_RANGE_LOOP_ANALYSIS = YES;
				CLANG_WARN_STRICT_PROTOTYPES = YES;
				CLANG_WARN_SUSPICIOUS_MOVE = YES;
				CLANG_WARN_UNGUARDED_AVAILABILITY = YES_AGGRESSIVE;
				CLANG_WARN_UNREACHABLE_CODE = YES;
				CLANG_WARN__DUPLICATE_METHOD_MATCH = YES;
				CODE_SIGN_IDENTITY = "iPhone Developer";
				COPY_PHASE_STRIP = NO;
				DEBUG_INFORMATION_FORMAT = "dwarf-with-dsym";
				ENABLE_NS_ASSERTIONS = NO;
				ENABLE_STRICT_OBJC_MSGSEND = YES;
				GCC_C_LANGUAGE_STANDARD = gnu11;
				GCC_NO_COMMON_BLOCKS = YES;
				GCC_WARN_64_TO_32_BIT_CONVERSION = YES;
				GCC_WARN_ABOUT_RETURN_TYPE = YES_ERROR;
				GCC_WARN_UNDECLARED_SELECTOR = YES;
				GCC_WARN_UNINITIALIZED_AUTOS = YES_AGGRESSIVE;
				GCC_WARN_UNUSED_FUNCTION = YES;
				GCC_WARN_UNUSED_VARIABLE = YES;
				IPHONEOS_DEPLOYMENT_TARGET = 11.1;
				MTL_ENABLE_DEBUG_INFO = NO;
				SDKROOT = iphoneos;
				SWIFT_OPTIMIZATION_LEVEL = "-Owholemodule";
				VALIDATE_PRODUCT = YES;
			};
			name = Release;
		};
		160A5D2F203C23AC003EE402 /* Debug */ = {
			isa = XCBuildConfiguration;
			buildSettings = {
				ASSETCATALOG_COMPILER_APPICON_NAME = AppIcon;
				CODE_SIGN_STYLE = Automatic;
				INFOPLIST_FILE = "X And O/Info.plist";
				LD_RUNPATH_SEARCH_PATHS = "$(inherited) @executable_path/Frameworks";
				PRODUCT_BUNDLE_IDENTIFIER = "Sayed.abdo.X-And-O";
				PRODUCT_NAME = "$(TARGET_NAME)";
				SWIFT_VERSION = 4.0;
				TARGETED_DEVICE_FAMILY = "1,2";
			};
			name = Debug;
		};
		160A5D30203C23AC003EE402 /* Release */ = {
			isa = XCBuildConfiguration;
			buildSettings = {
				ASSETCATALOG_COMPILER_APPICON_NAME = AppIcon;
				CODE_SIGN_STYLE = Automatic;
				INFOPLIST_FILE = "X And O/Info.plist";
				LD_RUNPATH_SEARCH_PATHS = "$(inherited) @executable_path/Frameworks";
				PRODUCT_BUNDLE_IDENTIFIER = "Sayed.abdo.X-And-O";
				PRODUCT_NAME = "$(TARGET_NAME)";
				SWIFT_VERSION = 4.0;
				TARGETED_DEVICE_FAMILY = "1,2";
			};
			name = Release;
		};
		160A5D32203C23AC003EE402 /* Debug */ = {
			isa = XCBuildConfiguration;
			buildSettings = {
				ALWAYS_EMBED_SWIFT_STANDARD_LIBRARIES = YES;
				BUNDLE_LOADER = "$(TEST_HOST)";
				CODE_SIGN_STYLE = Automatic;
				INFOPLIST_FILE = "X And OTests/Info.plist";
				LD_RUNPATH_SEARCH_PATHS = "$(inherited) @executable_path/Frameworks @loader_path/Frameworks";
				PRODUCT_BUNDLE_IDENTIFIER = "Sayed.abdo.X-And-OTests";
				PRODUCT_NAME = "$(TARGET_NAME)";
				SWIFT_VERSION = 4.0;
				TARGETED_DEVICE_FAMILY = "1,2";
				TEST_HOST = "$(BUILT_PRODUCTS_DIR)/X And O.app/X And O";
			};
			name = Debug;
		};
		160A5D33203C23AC003EE402 /* Release */ = {
			isa = XCBuildConfiguration;
			buildSettings = {
				ALWAYS_EMBED_SWIFT_STANDARD_LIBRARIES = YES;
				BUNDLE_LOADER = "$(TEST_HOST)";
				CODE_SIGN_STYLE = Automatic;
				INFOPLIST_FILE = "X And OTests/Info.plist";
				LD_RUNPATH_SEARCH_PATHS = "$(inherited) @executable_path/Frameworks @loader_path/Frameworks";
				PRODUCT_BUNDLE_IDENTIFIER = "Sayed.abdo.X-And-OTests";
				PRODUCT_NAME = "$(TARGET_NAME)";
				SWIFT_VERSION = 4.0;
				TARGETED_DEVICE_FAMILY = "1,2";
				TEST_HOST = "$(BUILT_PRODUCTS_DIR)/X And O.app/X And O";
			};
			name = Release;
		};
		160A5D35203C23AC003EE402 /* Debug */ = {
			isa = XCBuildConfiguration;
			buildSettings = {
				ALWAYS_EMBED_SWIFT_STANDARD_LIBRARIES = YES;
				CODE_SIGN_STYLE = Automatic;
				INFOPLIST_FILE = "X And OUITests/Info.plist";
				LD_RUNPATH_SEARCH_PATHS = "$(inherited) @executable_path/Frameworks @loader_path/Frameworks";
				PRODUCT_BUNDLE_IDENTIFIER = "Sayed.abdo.X-And-OUITests";
				PRODUCT_NAME = "$(TARGET_NAME)";
				SWIFT_VERSION = 4.0;
				TARGETED_DEVICE_FAMILY = "1,2";
				TEST_TARGET_NAME = "X And O";
			};
			name = Debug;
		};
		160A5D36203C23AC003EE402 /* Release */ = {
			isa = XCBuildConfiguration;
			buildSettings = {
				ALWAYS_EMBED_SWIFT_STANDARD_LIBRARIES = YES;
				CODE_SIGN_STYLE = Automatic;
				INFOPLIST_FILE = "X And OUITests/Info.plist";
				LD_RUNPATH_SEARCH_PATHS = "$(inherited) @executable_path/Frameworks @loader_path/Frameworks";
				PRODUCT_BUNDLE_IDENTIFIER = "Sayed.abdo.X-And-OUITests";
				PRODUCT_NAME = "$(TARGET_NAME)";
				SWIFT_VERSION = 4.0;
				TARGETED_DEVICE_FAMILY = "1,2";
				TEST_TARGET_NAME = "X And O";
			};
			name = Release;
		};
/* End XCBuildConfiguration section */

/* Begin XCConfigurationList section */
		160A5CFE203C23AB003EE402 /* Build configuration list for PBXProject "X And O" */ = {
			isa = XCConfigurationList;
			buildConfigurations = (
				160A5D2C203C23AC003EE402 /* Debug */,
				160A5D2D203C23AC003EE402 /* Release */,
			);
			defaultConfigurationIsVisible = 0;
			defaultConfigurationName = Release;
		};
		160A5D2E203C23AC003EE402 /* Build configuration list for PBXNativeTarget "X And O" */ = {
			isa = XCConfigurationList;
			buildConfigurations = (
				160A5D2F203C23AC003EE402 /* Debug */,
				160A5D30203C23AC003EE402 /* Release */,
			);
			defaultConfigurationIsVisible = 0;
			defaultConfigurationName = Release;
		};
		160A5D31203C23AC003EE402 /* Build configuration list for PBXNativeTarget "X And OTests" */ = {
			isa = XCConfigurationList;
			buildConfigurations = (
				160A5D32203C23AC003EE402 /* Debug */,
				160A5D33203C23AC003EE402 /* Release */,
			);
			defaultConfigurationIsVisible = 0;
			defaultConfigurationName = Release;
		};
		160A5D34203C23AC003EE402 /* Build configuration list for PBXNativeTarget "X And OUITests" */ = {
			isa = XCConfigurationList;
			buildConfigurations = (
				160A5D35203C23AC003EE402 /* Debug */,
				160A5D36203C23AC003EE402 /* Release */,
			);
			defaultConfigurationIsVisible = 0;
			defaultConfigurationName = Release;
		};
/* End XCConfigurationList section */

/* Begin XCVersionGroup section */
		160A5D0D203C23AC003EE402 /* X_And_O.xcdatamodeld */ = {
			isa = XCVersionGroup;
			children = (
				160A5D0E203C23AC003EE402 /* X_And_O.xcdatamodel */,
			);
			currentVersion = 160A5D0E203C23AC003EE402 /* X_And_O.xcdatamodel */;
			path = X_And_O.xcdatamodeld;
			sourceTree = "<group>";
			versionGroupType = wrapper.xcdatamodel;
		};
/* End XCVersionGroup section */
	};
	rootObject = 160A5CFB203C23AB003EE402 /* Project object */;
}
